
Microsoft Visual Studio Solution File, Format Version 12.00
# Visual Studio Version 17
VisualStudioVersion = 17.14.36518.9 d17.14
MinimumVisualStudioVersion = 10.0.40219.1
Project("{FAE04EC0-301F-11D3-BF4B-00C04F79EFBC}") = "1291387", "1291387\1291387.csproj", "{C721ABE7-1773-4224-8084-6E774822B060}"
EndProject
Global
	GlobalSection(SolutionConfigurationPlatforms) = preSolution
		Debug|Any CPU = Debug|Any CPU
		Release|Any CPU = Release|Any CPU
	EndGlobalSection
	GlobalSection(ProjectConfigurationPlatforms) = postSolution
		{C721ABE7-1773-4224-8084-6E774822B060}.Debug|Any CPU.ActiveCfg = Debug|Any CPU
		{C721ABE7-1773-4224-8084-6E774822B060}.Debug|Any CPU.Build.0 = Debug|Any CPU
		{C721ABE7-1773-4224-8084-6E774822B060}.Release|Any CPU.ActiveCfg = Release|Any CPU
		{C721ABE7-1773-4224-8084-6E774822B060}.Release|Any CPU.Build.0 = Release|Any CPU
	EndGlobalSection
	GlobalSection(SolutionProperties) = preSolution
		HideSolutionNode = FALSE
	EndGlobalSection
	GlobalSection(ExtensibilityGlobals) = postSolution
		SolutionGuid = {6CE7898E-0228-43CB-A5F3-D5AFD5608F9E}
	EndGlobalSection
EndGlobal
